
Microsoft Visual Studio Solution File, Format Version 12.00
# Visual Studio Version 16
VisualStudioVersion = 16.0.30717.126
MinimumVisualStudioVersion = 10.0.40219.1
Project("{9A19103F-16F7-4668-BE54-9A1E7A4F7556}") = "NAudio.Flac", "NAudio.Flac\NAudio.Flac.csproj", "{1BD0FA41-17B8-494C-BD88-5BF5835F6983}"
EndProject
Global
	GlobalSection(SolutionConfigurationPlatforms) = preSolution
		Debug|Any CPU = Debug|Any CPU
		Release|Any CPU = Release|Any CPU
	EndGlobalSection
	GlobalSection(ProjectConfigurationPlatforms) = postSolution
		{1BD0FA41-17B8-494C-BD88-5BF5835F6983}.Debug|Any CPU.ActiveCfg = Debug|Any CPU
		{1BD0FA41-17B8-494C-BD88-5BF5835F6983}.Debug|Any CPU.Build.0 = Debug|Any CPU
		{1BD0FA41-17B8-494C-BD88-5BF5835F6983}.Release|Any CPU.ActiveCfg = Release|Any CPU
		{1BD0FA41-17B8-494C-BD88-5BF5835F6983}.Release|Any CPU.Build.0 = Release|Any CPU
	EndGlobalSection
	GlobalSection(SolutionProperties) = preSolution
		HideSolutionNode = FALSE
	EndGlobalSection
	GlobalSection(ExtensibilityGlobals) = postSolution
		SolutionGuid = {0D9DAA3B-648C-49A6-9D9B-0D2B269611B2}
	EndGlobalSection
EndGlobal
